// !$*UTF8*$!
{
	archiveVersion = 1;
	classes = {
	};
	objectVersion = 50;
	objects = {

/* Begin PBXBuildFile section */
		7AE6D98324D30A1700B663F3 /* Coordinator.h in Headers */ = {isa = PBXBuildFile; fileRef = 7AE6D98124D30A1700B663F3 /* Coordinator.h */; settings = {ATTRIBUTES = (Public, ); }; };
		7AE6D98C24D30AC800B663F3 /* Coordinated.swift in Sources */ = {isa = PBXBuildFile; fileRef = 7AE6D98B24D30AC800B663F3 /* Coordinated.swift */; };
		7AE6D98E24D30B2B00B663F3 /* Coordinator.swift in Sources */ = {isa = PBXBuildFile; fileRef = 7AE6D98D24D30B2B00B663F3 /* Coordinator.swift */; };
		7AE6D9AF24D3122300B663F3 /* AppDelegate.swift in Sources */ = {isa = PBXBuildFile; fileRef = 7AE6D9AE24D3122300B663F3 /* AppDelegate.swift */; };
		7AE6D9B124D3122300B663F3 /* SceneDelegate.swift in Sources */ = {isa = PBXBuildFile; fileRef = 7AE6D9B024D3122300B663F3 /* SceneDelegate.swift */; };
		7AE6D9B324D3122300B663F3 /* ViewController.swift in Sources */ = {isa = PBXBuildFile; fileRef = 7AE6D9B224D3122300B663F3 /* ViewController.swift */; };
		7AE6D9B624D3122300B663F3 /* Main.storyboard in Resources */ = {isa = PBXBuildFile; fileRef = 7AE6D9B424D3122300B663F3 /* Main.storyboard */; };
		7AE6D9B824D3122500B663F3 /* Assets.xcassets in Resources */ = {isa = PBXBuildFile; fileRef = 7AE6D9B724D3122500B663F3 /* Assets.xcassets */; };
		7AE6D9BB24D3122500B663F3 /* LaunchScreen.storyboard in Resources */ = {isa = PBXBuildFile; fileRef = 7AE6D9B924D3122500B663F3 /* LaunchScreen.storyboard */; };
		7AE6D9C324D3128C00B663F3 /* Coordinator.framework in Frameworks */ = {isa = PBXBuildFile; fileRef = 7AE6D97E24D30A1700B663F3 /* Coordinator.framework */; };
		7AE6D9C424D3128C00B663F3 /* Coordinator.framework in Embed Frameworks */ = {isa = PBXBuildFile; fileRef = 7AE6D97E24D30A1700B663F3 /* Coordinator.framework */; settings = {ATTRIBUTES = (CodeSignOnCopy, RemoveHeadersOnCopy, ); }; };
		7AE6D9CA24D312D900B663F3 /* HomeCoordinator.swift in Sources */ = {isa = PBXBuildFile; fileRef = 7AE6D9C924D312D900B663F3 /* HomeCoordinator.swift */; };
		7AE6D9CC24D3130600B663F3 /* HomeViewController.swift in Sources */ = {isa = PBXBuildFile; fileRef = 7AE6D9CB24D3130600B663F3 /* HomeViewController.swift */; };
		7AE6D9CE24D3136F00B663F3 /* home.storyboard in Resources */ = {isa = PBXBuildFile; fileRef = 7AE6D9CD24D3136F00B663F3 /* home.storyboard */; };
		7AE6D9D024D3158E00B663F3 /* HomeSubViewController.swift in Sources */ = {isa = PBXBuildFile; fileRef = 7AE6D9CF24D3158E00B663F3 /* HomeSubViewController.swift */; };
		7AE6D9D324D317FF00B663F3 /* FooCoordinator.swift in Sources */ = {isa = PBXBuildFile; fileRef = 7AE6D9D224D317FF00B663F3 /* FooCoordinator.swift */; };
		7AE6D9D524D3181900B663F3 /* foo.storyboard in Resources */ = {isa = PBXBuildFile; fileRef = 7AE6D9D424D3181900B663F3 /* foo.storyboard */; };
		7AE6D9D724D3182B00B663F3 /* FooViewController.swift in Sources */ = {isa = PBXBuildFile; fileRef = 7AE6D9D624D3182B00B663F3 /* FooViewController.swift */; };
		7AE6D9E024D4123000B663F3 /* README.md in Resources */ = {isa = PBXBuildFile; fileRef = 7AE6D9DF24D4123000B663F3 /* README.md */; };
		7AE6D9E824D41BDC00B663F3 /* Storyboarded.swift in Sources */ = {isa = PBXBuildFile; fileRef = 7AE6D9E724D41BDB00B663F3 /* Storyboarded.swift */; };
/* End PBXBuildFile section */

/* Begin PBXContainerItemProxy section */
		7AE6D9C024D3128700B663F3 /* PBXContainerItemProxy */ = {
			isa = PBXContainerItemProxy;
			containerPortal = 7AE6D97524D30A1700B663F3 /* Project object */;
			proxyType = 1;
			remoteGlobalIDString = 7AE6D97D24D30A1700B663F3;
			remoteInfo = Coordinator;
		};
		7AE6D9C524D3128C00B663F3 /* PBXContainerItemProxy */ = {
			isa = PBXContainerItemProxy;
			containerPortal = 7AE6D97524D30A1700B663F3 /* Project object */;
			proxyType = 1;
			remoteGlobalIDString = 7AE6D97D24D30A1700B663F3;
			remoteInfo = Coordinator;
		};
/* End PBXContainerItemProxy section */

/* Begin PBXCopyFilesBuildPhase section */
		7AE6D9C724D3128D00B663F3 /* Embed Frameworks */ = {
			isa = PBXCopyFilesBuildPhase;
			buildActionMask = 2147483647;
			dstPath = "";
			dstSubfolderSpec = 10;
			files = (
				7AE6D9C424D3128C00B663F3 /* Coordinator.framework in Embed Frameworks */,
			);
			name = "Embed Frameworks";
			runOnlyForDeploymentPostprocessing = 0;
		};
/* End PBXCopyFilesBuildPhase section */

/* Begin PBXFileReference section */
		7AE6D97E24D30A1700B663F3 /* Coordinator.framework */ = {isa = PBXFileReference; explicitFileType = wrapper.framework; includeInIndex = 0; path = Coordinator.framework; sourceTree = BUILT_PRODUCTS_DIR; };
		7AE6D98124D30A1700B663F3 /* Coordinator.h */ = {isa = PBXFileReference; lastKnownFileType = sourcecode.c.h; path = Coordinator.h; sourceTree = "<group>"; };
		7AE6D98224D30A1700B663F3 /* Info.plist */ = {isa = PBXFileReference; lastKnownFileType = text.plist.xml; path = Info.plist; sourceTree = "<group>"; };
		7AE6D98B24D30AC800B663F3 /* Coordinated.swift */ = {isa = PBXFileReference; lastKnownFileType = sourcecode.swift; path = Coordinated.swift; sourceTree = "<group>"; };
		7AE6D98D24D30B2B00B663F3 /* Coordinator.swift */ = {isa = PBXFileReference; lastKnownFileType = sourcecode.swift; path = Coordinator.swift; sourceTree = "<group>"; };
		7AE6D9AC24D3122300B663F3 /* test-app.app */ = {isa = PBXFileReference; explicitFileType = wrapper.application; includeInIndex = 0; path = "test-app.app"; sourceTree = BUILT_PRODUCTS_DIR; };
		7AE6D9AE24D3122300B663F3 /* AppDelegate.swift */ = {isa = PBXFileReference; lastKnownFileType = sourcecode.swift; path = AppDelegate.swift; sourceTree = "<group>"; };
		7AE6D9B024D3122300B663F3 /* SceneDelegate.swift */ = {isa = PBXFileReference; lastKnownFileType = sourcecode.swift; path = SceneDelegate.swift; sourceTree = "<group>"; };
		7AE6D9B224D3122300B663F3 /* ViewController.swift */ = {isa = PBXFileReference; lastKnownFileType = sourcecode.swift; path = ViewController.swift; sourceTree = "<group>"; };
		7AE6D9B524D3122300B663F3 /* Base */ = {isa = PBXFileReference; lastKnownFileType = file.storyboard; name = Base; path = Base.lproj/Main.storyboard; sourceTree = "<group>"; };
		7AE6D9B724D3122500B663F3 /* Assets.xcassets */ = {isa = PBXFileReference; lastKnownFileType = folder.assetcatalog; path = Assets.xcassets; sourceTree = "<group>"; };
		7AE6D9BA24D3122500B663F3 /* Base */ = {isa = PBXFileReference; lastKnownFileType = file.storyboard; name = Base; path = Base.lproj/LaunchScreen.storyboard; sourceTree = "<group>"; };
		7AE6D9BC24D3122500B663F3 /* Info.plist */ = {isa = PBXFileReference; lastKnownFileType = text.plist.xml; path = Info.plist; sourceTree = "<group>"; };
		7AE6D9C924D312D900B663F3 /* HomeCoordinator.swift */ = {isa = PBXFileReference; lastKnownFileType = sourcecode.swift; path = HomeCoordinator.swift; sourceTree = "<group>"; };
		7AE6D9CB24D3130600B663F3 /* HomeViewController.swift */ = {isa = PBXFileReference; lastKnownFileType = sourcecode.swift; path = HomeViewController.swift; sourceTree = "<group>"; };
		7AE6D9CD24D3136F00B663F3 /* home.storyboard */ = {isa = PBXFileReference; lastKnownFileType = file.storyboard; path = home.storyboard; sourceTree = "<group>"; };
		7AE6D9CF24D3158E00B663F3 /* HomeSubViewController.swift */ = {isa = PBXFileReference; lastKnownFileType = sourcecode.swift; path = HomeSubViewController.swift; sourceTree = "<group>"; };
		7AE6D9D224D317FF00B663F3 /* FooCoordinator.swift */ = {isa = PBXFileReference; lastKnownFileType = sourcecode.swift; path = FooCoordinator.swift; sourceTree = "<group>"; };
		7AE6D9D424D3181900B663F3 /* foo.storyboard */ = {isa = PBXFileReference; lastKnownFileType = file.storyboard; path = foo.storyboard; sourceTree = "<group>"; };
		7AE6D9D624D3182B00B663F3 /* FooViewController.swift */ = {isa = PBXFileReference; lastKnownFileType = sourcecode.swift; path = FooViewController.swift; sourceTree = "<group>"; };
		7AE6D9DE24D4114900B663F3 /* Package.swift */ = {isa = PBXFileReference; lastKnownFileType = sourcecode.swift; path = Package.swift; sourceTree = "<group>"; };
		7AE6D9DF24D4123000B663F3 /* README.md */ = {isa = PBXFileReference; lastKnownFileType = net.daringfireball.markdown; path = README.md; sourceTree = "<group>"; };
		7AE6D9E724D41BDB00B663F3 /* Storyboarded.swift */ = {isa = PBXFileReference; fileEncoding = 4; lastKnownFileType = sourcecode.swift; path = Storyboarded.swift; sourceTree = "<group>"; };
/* End PBXFileReference section */

/* Begin PBXFrameworksBuildPhase section */
		7AE6D97B24D30A1700B663F3 /* Frameworks */ = {
			isa = PBXFrameworksBuildPhase;
			buildActionMask = 2147483647;
			files = (
			);
			runOnlyForDeploymentPostprocessing = 0;
		};
		7AE6D9A924D3122300B663F3 /* Frameworks */ = {
			isa = PBXFrameworksBuildPhase;
			buildActionMask = 2147483647;
			files = (
				7AE6D9C324D3128C00B663F3 /* Coordinator.framework in Frameworks */,
			);
			runOnlyForDeploymentPostprocessing = 0;
		};
/* End PBXFrameworksBuildPhase section */

/* Begin PBXGroup section */
		7AE6D97424D30A1700B663F3 = {
			isa = PBXGroup;
			children = (
				7AE6D9DF24D4123000B663F3 /* README.md */,
				7AE6D9DE24D4114900B663F3 /* Package.swift */,
				7AE6D98024D30A1700B663F3 /* Coordinator */,
				7AE6D9AD24D3122300B663F3 /* test-app */,
				7AE6D97F24D30A1700B663F3 /* Products */,
				7AE6D9C224D3128C00B663F3 /* Frameworks */,
			);
			sourceTree = "<group>";
		};
		7AE6D97F24D30A1700B663F3 /* Products */ = {
			isa = PBXGroup;
			children = (
				7AE6D97E24D30A1700B663F3 /* Coordinator.framework */,
				7AE6D9AC24D3122300B663F3 /* test-app.app */,
			);
			name = Products;
			sourceTree = "<group>";
		};
		7AE6D98024D30A1700B663F3 /* Coordinator */ = {
			isa = PBXGroup;
			children = (
				7AE6D98D24D30B2B00B663F3 /* Coordinator.swift */,
				7AE6D98B24D30AC800B663F3 /* Coordinated.swift */,
				7AE6D9E724D41BDB00B663F3 /* Storyboarded.swift */,
				7AE6D98124D30A1700B663F3 /* Coordinator.h */,
				7AE6D98224D30A1700B663F3 /* Info.plist */,
			);
			path = Coordinator;
			sourceTree = "<group>";
		};
		7AE6D9AD24D3122300B663F3 /* test-app */ = {
			isa = PBXGroup;
			children = (
				7AE6D9D124D317D100B663F3 /* foo */,
				7AE6D9C824D312CA00B663F3 /* home */,
				7AE6D9AE24D3122300B663F3 /* AppDelegate.swift */,
				7AE6D9B024D3122300B663F3 /* SceneDelegate.swift */,
				7AE6D9B224D3122300B663F3 /* ViewController.swift */,
				7AE6D9B424D3122300B663F3 /* Main.storyboard */,
				7AE6D9B724D3122500B663F3 /* Assets.xcassets */,
				7AE6D9B924D3122500B663F3 /* LaunchScreen.storyboard */,
				7AE6D9BC24D3122500B663F3 /* Info.plist */,
			);
			path = "test-app";
			sourceTree = "<group>";
		};
		7AE6D9C224D3128C00B663F3 /* Frameworks */ = {
			isa = PBXGroup;
			children = (
			);
			name = Frameworks;
			sourceTree = "<group>";
		};
		7AE6D9C824D312CA00B663F3 /* home */ = {
			isa = PBXGroup;
			children = (
				7AE6D9C924D312D900B663F3 /* HomeCoordinator.swift */,
				7AE6D9CB24D3130600B663F3 /* HomeViewController.swift */,
				7AE6D9CD24D3136F00B663F3 /* home.storyboard */,
				7AE6D9CF24D3158E00B663F3 /* HomeSubViewController.swift */,
			);
			path = home;
			sourceTree = "<group>";
		};
		7AE6D9D124D317D100B663F3 /* foo */ = {
			isa = PBXGroup;
			children = (
				7AE6D9D224D317FF00B663F3 /* FooCoordinator.swift */,
				7AE6D9D424D3181900B663F3 /* foo.storyboard */,
				7AE6D9D624D3182B00B663F3 /* FooViewController.swift */,
			);
			path = foo;
			sourceTree = "<group>";
		};
/* End PBXGroup section */

/* Begin PBXHeadersBuildPhase section */
		7AE6D97924D30A1700B663F3 /* Headers */ = {
			isa = PBXHeadersBuildPhase;
			buildActionMask = 2147483647;
			files = (
				7AE6D98324D30A1700B663F3 /* Coordinator.h in Headers */,
			);
			runOnlyForDeploymentPostprocessing = 0;
		};
/* End PBXHeadersBuildPhase section */

/* Begin PBXNativeTarget section */
		7AE6D97D24D30A1700B663F3 /* Coordinator */ = {
			isa = PBXNativeTarget;
			buildConfigurationList = 7AE6D98624D30A1700B663F3 /* Build configuration list for PBXNativeTarget "Coordinator" */;
			buildPhases = (
				7AE6D97924D30A1700B663F3 /* Headers */,
				7AE6D97A24D30A1700B663F3 /* Sources */,
				7AE6D97B24D30A1700B663F3 /* Frameworks */,
				7AE6D97C24D30A1700B663F3 /* Resources */,
			);
			buildRules = (
			);
			dependencies = (
			);
			name = Coordinator;
			productName = Coordinator;
			productReference = 7AE6D97E24D30A1700B663F3 /* Coordinator.framework */;
			productType = "com.apple.product-type.framework";
		};
		7AE6D9AB24D3122300B663F3 /* test-app */ = {
			isa = PBXNativeTarget;
			buildConfigurationList = 7AE6D9BD24D3122500B663F3 /* Build configuration list for PBXNativeTarget "test-app" */;
			buildPhases = (
				7AE6D9A824D3122300B663F3 /* Sources */,
				7AE6D9A924D3122300B663F3 /* Frameworks */,
				7AE6D9AA24D3122300B663F3 /* Resources */,
				7AE6D9C724D3128D00B663F3 /* Embed Frameworks */,
			);
			buildRules = (
			);
			dependencies = (
				7AE6D9C124D3128700B663F3 /* PBXTargetDependency */,
				7AE6D9C624D3128C00B663F3 /* PBXTargetDependency */,
			);
			name = "test-app";
			productName = "test-app";
			productReference = 7AE6D9AC24D3122300B663F3 /* test-app.app */;
			productType = "com.apple.product-type.application";
		};
/* End PBXNativeTarget section */

/* Begin PBXProject section */
		7AE6D97524D30A1700B663F3 /* Project object */ = {
			isa = PBXProject;
			attributes = {
				LastSwiftUpdateCheck = 1150;
				LastUpgradeCheck = 1150;
				ORGANIZATIONNAME = rroche;
				TargetAttributes = {
					7AE6D97D24D30A1700B663F3 = {
						CreatedOnToolsVersion = 11.5;
						LastSwiftMigration = 1150;
					};
					7AE6D9AB24D3122300B663F3 = {
						CreatedOnToolsVersion = 11.5;
					};
				};
			};
			buildConfigurationList = 7AE6D97824D30A1700B663F3 /* Build configuration list for PBXProject "Coordinator" */;
			compatibilityVersion = "Xcode 9.3";
			developmentRegion = en;
			hasScannedForEncodings = 0;
			knownRegions = (
				en,
				Base,
			);
			mainGroup = 7AE6D97424D30A1700B663F3;
			productRefGroup = 7AE6D97F24D30A1700B663F3 /* Products */;
			projectDirPath = "";
			projectRoot = "";
			targets = (
				7AE6D97D24D30A1700B663F3 /* Coordinator */,
				7AE6D9AB24D3122300B663F3 /* test-app */,
			);
		};
/* End PBXProject section */

/* Begin PBXResourcesBuildPhase section */
		7AE6D97C24D30A1700B663F3 /* Resources */ = {
			isa = PBXResourcesBuildPhase;
			buildActionMask = 2147483647;
			files = (
			);
			runOnlyForDeploymentPostprocessing = 0;
		};
		7AE6D9AA24D3122300B663F3 /* Resources */ = {
			isa = PBXResourcesBuildPhase;
			buildActionMask = 2147483647;
			files = (
				7AE6D9E024D4123000B663F3 /* README.md in Resources */,
				7AE6D9BB24D3122500B663F3 /* LaunchScreen.storyboard in Resources */,
				7AE6D9B824D3122500B663F3 /* Assets.xcassets in Resources */,
				7AE6D9B624D3122300B663F3 /* Main.storyboard in Resources */,
				7AE6D9CE24D3136F00B663F3 /* home.storyboard in Resources */,
				7AE6D9D524D3181900B663F3 /* foo.storyboard in Resources */,
			);
			runOnlyForDeploymentPostprocessing = 0;
		};
/* End PBXResourcesBuildPhase section */

/* Begin PBXSourcesBuildPhase section */
		7AE6D97A24D30A1700B663F3 /* Sources */ = {
			isa = PBXSourcesBuildPhase;
			buildActionMask = 2147483647;
			files = (
				7AE6D98C24D30AC800B663F3 /* Coordinated.swift in Sources */,
				7AE6D98E24D30B2B00B663F3 /* Coordinator.swift in Sources */,
				7AE6D9E824D41BDC00B663F3 /* Storyboarded.swift in Sources */,
			);
			runOnlyForDeploymentPostprocessing = 0;
		};
		7AE6D9A824D3122300B663F3 /* Sources */ = {
			isa = PBXSourcesBuildPhase;
			buildActionMask = 2147483647;
			files = (
				7AE6D9D024D3158E00B663F3 /* HomeSubViewController.swift in Sources */,
				7AE6D9CC24D3130600B663F3 /* HomeViewController.swift in Sources */,
				7AE6D9B324D3122300B663F3 /* ViewController.swift in Sources */,
				7AE6D9CA24D312D900B663F3 /* HomeCoordinator.swift in Sources */,
				7AE6D9D324D317FF00B663F3 /* FooCoordinator.swift in Sources */,
				7AE6D9D724D3182B00B663F3 /* FooViewController.swift in Sources */,
				7AE6D9AF24D3122300B663F3 /* AppDelegate.swift in Sources */,
				7AE6D9B124D3122300B663F3 /* SceneDelegate.swift in Sources */,
			);
			runOnlyForDeploymentPostprocessing = 0;
		};
/* End PBXSourcesBuildPhase section */

/* Begin PBXTargetDependency section */
		7AE6D9C124D3128700B663F3 /* PBXTargetDependency */ = {
			isa = PBXTargetDependency;
			target = 7AE6D97D24D30A1700B663F3 /* Coordinator */;
			targetProxy = 7AE6D9C024D3128700B663F3 /* PBXContainerItemProxy */;
		};
		7AE6D9C624D3128C00B663F3 /* PBXTargetDependency */ = {
			isa = PBXTargetDependency;
			target = 7AE6D97D24D30A1700B663F3 /* Coordinator */;
			targetProxy = 7AE6D9C524D3128C00B663F3 /* PBXContainerItemProxy */;
		};
/* End PBXTargetDependency section */

/* Begin PBXVariantGroup section */
		7AE6D9B424D3122300B663F3 /* Main.storyboard */ = {
			isa = PBXVariantGroup;
			children = (
				7AE6D9B524D3122300B663F3 /* Base */,
			);
			name = Main.storyboard;
			sourceTree = "<group>";
		};
		7AE6D9B924D3122500B663F3 /* LaunchScreen.storyboard */ = {
			isa = PBXVariantGroup;
			children = (
				7AE6D9BA24D3122500B663F3 /* Base */,
			);
			name = LaunchScreen.storyboard;
			sourceTree = "<group>";
		};
/* End PBXVariantGroup section */

/* Begin XCBuildConfiguration section */
		7AE6D98424D30A1700B663F3 /* Debug */ = {
			isa = XCBuildConfiguration;
			buildSettings = {
				ALWAYS_SEARCH_USER_PATHS = NO;
				CLANG_ANALYZER_NONNULL = YES;
				CLANG_ANALYZER_NUMBER_OBJECT_CONVERSION = YES_AGGRESSIVE;
				CLANG_CXX_LANGUAGE_STANDARD = "gnu++14";
				CLANG_CXX_LIBRARY = "libc++";
				CLANG_ENABLE_MODULES = YES;
				CLANG_ENABLE_OBJC_ARC = YES;
				CLANG_ENABLE_OBJC_WEAK = YES;
				CLANG_WARN_BLOCK_CAPTURE_AUTORELEASING = YES;
				CLANG_WARN_BOOL_CONVERSION = YES;
				CLANG_WARN_COMMA = YES;
				CLANG_WARN_CONSTANT_CONVERSION = YES;
				CLANG_WARN_DEPRECATED_OBJC_IMPLEMENTATIONS = YES;
				CLANG_WARN_DIRECT_OBJC_ISA_USAGE = YES_ERROR;
				CLANG_WARN_DOCUMENTATION_COMMENTS = YES;
				CLANG_WARN_EMPTY_BODY = YES;
				CLANG_WARN_ENUM_CONVERSION = YES;
				CLANG_WARN_INFINITE_RECURSION = YES;
				CLANG_WARN_INT_CONVERSION = YES;
				CLANG_WARN_NON_LITERAL_NULL_CONVERSION = YES;
				CLANG_WARN_OBJC_IMPLICIT_RETAIN_SELF = YES;
				CLANG_WARN_OBJC_LITERAL_CONVERSION = YES;
				CLANG_WARN_OBJC_ROOT_CLASS = YES_ERROR;
				CLANG_WARN_RANGE_LOOP_ANALYSIS = YES;
				CLANG_WARN_STRICT_PROTOTYPES = YES;
				CLANG_WARN_SUSPICIOUS_MOVE = YES;
				CLANG_WARN_UNGUARDED_AVAILABILITY = YES_AGGRESSIVE;
				CLANG_WARN_UNREACHABLE_CODE = YES;
				CLANG_WARN__DUPLICATE_METHOD_MATCH = YES;
				COPY_PHASE_STRIP = NO;
				CURRENT_PROJECT_VERSION = 1;
				DEBUG_INFORMATION_FORMAT = dwarf;
				ENABLE_STRICT_OBJC_MSGSEND = YES;
				ENABLE_TESTABILITY = YES;
				GCC_C_LANGUAGE_STANDARD = gnu11;
				GCC_DYNAMIC_NO_PIC = NO;
				GCC_NO_COMMON_BLOCKS = YES;
				GCC_OPTIMIZATION_LEVEL = 0;
				GCC_PREPROCESSOR_DEFINITIONS = (
					"DEBUG=1",
					"$(inherited)",
				);
				GCC_WARN_64_TO_32_BIT_CONVERSION = YES;
				GCC_WARN_ABOUT_RETURN_TYPE = YES_ERROR;
				GCC_WARN_UNDECLARED_SELECTOR = YES;
				GCC_WARN_UNINITIALIZED_AUTOS = YES_AGGRESSIVE;
				GCC_WARN_UNUSED_FUNCTION = YES;
				GCC_WARN_UNUSED_VARIABLE = YES;
				IPHONEOS_DEPLOYMENT_TARGET = 11.0;
				MTL_ENABLE_DEBUG_INFO = INCLUDE_SOURCE;
				MTL_FAST_MATH = YES;
				ONLY_ACTIVE_ARCH = YES;
				SDKROOT = iphoneos;
				SWIFT_ACTIVE_COMPILATION_CONDITIONS = DEBUG;
				SWIFT_OPTIMIZATION_LEVEL = "-Onone";
				VERSIONING_SYSTEM = "apple-generic";
				VERSION_INFO_PREFIX = "";
			};
			name = Debug;
		};
		7AE6D98524D30A1700B663F3 /* Release */ = {
			isa = XCBuildConfiguration;
			buildSettings = {
				ALWAYS_SEARCH_USER_PATHS = NO;
				CLANG_ANALYZER_NONNULL = YES;
				CLANG_ANALYZER_NUMBER_OBJECT_CONVERSION = YES_AGGRESSIVE;
				CLANG_CXX_LANGUAGE_STANDARD = "gnu++14";
				CLANG_CXX_LIBRARY = "libc++";
				CLANG_ENABLE_MODULES = YES;
				CLANG_ENABLE_OBJC_ARC = YES;
				CLANG_ENABLE_OBJC_WEAK = YES;
				CLANG_WARN_BLOCK_CAPTURE_AUTORELEASING = YES;
				CLANG_WARN_BOOL_CONVERSION = YES;
				CLANG_WARN_COMMA = YES;
				CLANG_WARN_CONSTANT_CONVERSION = YES;
				CLANG_WARN_DEPRECATED_OBJC_IMPLEMENTATIONS = YES;
				CLANG_WARN_DIRECT_OBJC_ISA_USAGE = YES_ERROR;
				CLANG_WARN_DOCUMENTATION_COMMENTS = YES;
				CLANG_WARN_EMPTY_BODY = YES;
				CLANG_WARN_ENUM_CONVERSION = YES;
				CLANG_WARN_INFINITE_RECURSION = YES;
				CLANG_WARN_INT_CONVERSION = YES;
				CLANG_WARN_NON_LITERAL_NULL_CONVERSION = YES;
				CLANG_WARN_OBJC_IMPLICIT_RETAIN_SELF = YES;
				CLANG_WARN_OBJC_LITERAL_CONVERSION = YES;
				CLANG_WARN_OBJC_ROOT_CLASS = YES_ERROR;
				CLANG_WARN_RANGE_LOOP_ANALYSIS = YES;
				CLANG_WARN_STRICT_PROTOTYPES = YES;
				CLANG_WARN_SUSPICIOUS_MOVE = YES;
				CLANG_WARN_UNGUARDED_AVAILABILITY = YES_AGGRESSIVE;
				CLANG_WARN_UNREACHABLE_CODE = YES;
				CLANG_WARN__DUPLICATE_METHOD_MATCH = YES;
				COPY_PHASE_STRIP = NO;
				CURRENT_PROJECT_VERSION = 1;
				DEBUG_INFORMATION_FORMAT = "dwarf-with-dsym";
				ENABLE_NS_ASSERTIONS = NO;
				ENABLE_STRICT_OBJC_MSGSEND = YES;
				GCC_C_LANGUAGE_STANDARD = gnu11;
				GCC_NO_COMMON_BLOCKS = YES;
				GCC_WARN_64_TO_32_BIT_CONVERSION = YES;
				GCC_WARN_ABOUT_RETURN_TYPE = YES_ERROR;
				GCC_WARN_UNDECLARED_SELECTOR = YES;
				GCC_WARN_UNINITIALIZED_AUTOS = YES_AGGRESSIVE;
				GCC_WARN_UNUSED_FUNCTION = YES;
				GCC_WARN_UNUSED_VARIABLE = YES;
				IPHONEOS_DEPLOYMENT_TARGET = 11.0;
				MTL_ENABLE_DEBUG_INFO = NO;
				MTL_FAST_MATH = YES;
				SDKROOT = iphoneos;
				SWIFT_COMPILATION_MODE = wholemodule;
				SWIFT_OPTIMIZATION_LEVEL = "-O";
				VALIDATE_PRODUCT = YES;
				VERSIONING_SYSTEM = "apple-generic";
				VERSION_INFO_PREFIX = "";
			};
			name = Release;
		};
		7AE6D98724D30A1700B663F3 /* Debug */ = {
			isa = XCBuildConfiguration;
			buildSettings = {
				CLANG_ENABLE_MODULES = YES;
				CODE_SIGN_STYLE = Automatic;
				DEFINES_MODULE = YES;
				DEVELOPMENT_TEAM = U3P6QEA4RH;
				DYLIB_COMPATIBILITY_VERSION = 1;
				DYLIB_CURRENT_VERSION = 1;
				DYLIB_INSTALL_NAME_BASE = "@rpath";
				INFOPLIST_FILE = Coordinator/Info.plist;
				INSTALL_PATH = "$(LOCAL_LIBRARY_DIR)/Frameworks";
				IPHONEOS_DEPLOYMENT_TARGET = 10.0;
				LD_RUNPATH_SEARCH_PATHS = (
					"$(inherited)",
					"@executable_path/Frameworks",
					"@loader_path/Frameworks",
				);
				MARKETING_VERSION = 0.1;
				PRODUCT_BUNDLE_IDENTIFIER = com.rroche.Coordinator;
				PRODUCT_NAME = "$(TARGET_NAME:c99extidentifier)";
				SKIP_INSTALL = YES;
				SWIFT_OPTIMIZATION_LEVEL = "-Onone";
				SWIFT_VERSION = 5.0;
				TARGETED_DEVICE_FAMILY = "1,2";
			};
			name = Debug;
		};
		7AE6D98824D30A1700B663F3 /* Release */ = {
			isa = XCBuildConfiguration;
			buildSettings = {
				CLANG_ENABLE_MODULES = YES;
				CODE_SIGN_STYLE = Automatic;
				DEFINES_MODULE = YES;
				DEVELOPMENT_TEAM = U3P6QEA4RH;
				DYLIB_COMPATIBILITY_VERSION = 1;
				DYLIB_CURRENT_VERSION = 1;
				DYLIB_INSTALL_NAME_BASE = "@rpath";
				INFOPLIST_FILE = Coordinator/Info.plist;
				INSTALL_PATH = "$(LOCAL_LIBRARY_DIR)/Frameworks";
				IPHONEOS_DEPLOYMENT_TARGET = 10.0;
				LD_RUNPATH_SEARCH_PATHS = (
					"$(inherited)",
					"@executable_path/Frameworks",
					"@loader_path/Frameworks",
				);
				MARKETING_VERSION = 0.1;
				PRODUCT_BUNDLE_IDENTIFIER = com.rroche.Coordinator;
				PRODUCT_NAME = "$(TARGET_NAME:c99extidentifier)";
				SKIP_INSTALL = YES;
				SWIFT_VERSION = 5.0;
				TARGETED_DEVICE_FAMILY = "1,2";
			};
			name = Release;
		};
		7AE6D9BE24D3122500B663F3 /* Debug */ = {
			isa = XCBuildConfiguration;
			buildSettings = {
				ASSETCATALOG_COMPILER_APPICON_NAME = AppIcon;
				CODE_SIGN_STYLE = Automatic;
				DEVELOPMENT_TEAM = U3P6QEA4RH;
				INFOPLIST_FILE = "test-app/Info.plist";
				IPHONEOS_DEPLOYMENT_TARGET = 13.5;
				LD_RUNPATH_SEARCH_PATHS = (
					"$(inherited)",
					"@executable_path/Frameworks",
				);
				PRODUCT_BUNDLE_IDENTIFIER = "com.rroche.test-app";
				PRODUCT_NAME = "$(TARGET_NAME)";
				SWIFT_VERSION = 5.0;
				TARGETED_DEVICE_FAMILY = "1,2";
			};
			name = Debug;
		};
		7AE6D9BF24D3122500B663F3 /* Release */ = {
			isa = XCBuildConfiguration;
			buildSettings = {
				ASSETCATALOG_COMPILER_APPICON_NAME = AppIcon;
				CODE_SIGN_STYLE = Automatic;
				DEVELOPMENT_TEAM = U3P6QEA4RH;
				INFOPLIST_FILE = "test-app/Info.plist";
				IPHONEOS_DEPLOYMENT_TARGET = 13.5;
				LD_RUNPATH_SEARCH_PATHS = (
					"$(inherited)",
					"@executable_path/Frameworks",
				);
				PRODUCT_BUNDLE_IDENTIFIER = "com.rroche.test-app";
				PRODUCT_NAME = "$(TARGET_NAME)";
				SWIFT_VERSION = 5.0;
				TARGETED_DEVICE_FAMILY = "1,2";
			};
			name = Release;
		};
/* End XCBuildConfiguration section */

/* Begin XCConfigurationList section */
		7AE6D97824D30A1700B663F3 /* Build configuration list for PBXProject "Coordinator" */ = {
			isa = XCConfigurationList;
			buildConfigurations = (
				7AE6D98424D30A1700B663F3 /* Debug */,
				7AE6D98524D30A1700B663F3 /* Release */,
			);
			defaultConfigurationIsVisible = 0;
			defaultConfigurationName = Release;
		};
		7AE6D98624D30A1700B663F3 /* Build configuration list for PBXNativeTarget "Coordinator" */ = {
			isa = XCConfigurationList;
			buildConfigurations = (
				7AE6D98724D30A1700B663F3 /* Debug */,
				7AE6D98824D30A1700B663F3 /* Release */,
			);
			defaultConfigurationIsVisible = 0;
			defaultConfigurationName = Release;
		};
		7AE6D9BD24D3122500B663F3 /* Build configuration list for PBXNativeTarget "test-app" */ = {
			isa = XCConfigurationList;
			buildConfigurations = (
				7AE6D9BE24D3122500B663F3 /* Debug */,
				7AE6D9BF24D3122500B663F3 /* Release */,
			);
			defaultConfigurationIsVisible = 0;
			defaultConfigurationName = Release;
		};
/* End XCConfigurationList section */
	};
	rootObject = 7AE6D97524D30A1700B663F3 /* Project object */;
}
